
Microsoft Visual Studio Solution File, Format Version 12.00
# Visual Studio 15
VisualStudioVersion = 15.0.27703.2035
MinimumVisualStudioVersion = 10.0.40219.1
Project("{FAE04EC0-301F-11D3-BF4B-00C04F79EFBC}") = "AntiquePhysicsMono", "AntiquePhysicsMono\AntiquePhysicsMono.csproj", "{6FF28C7F-A1B8-4A37-B193-EEAD069F2948}"
EndProject
Global
	GlobalSection(SolutionConfigurationPlatforms) = preSolution
		Debug|x86 = Debug|x86
		Release|x86 = Release|x86
	EndGlobalSection
	GlobalSection(ProjectConfigurationPlatforms) = postSolution
		{6FF28C7F-A1B8-4A37-B193-EEAD069F2948}.Debug|x86.ActiveCfg = Debug|x86
		{6FF28C7F-A1B8-4A37-B193-EEAD069F2948}.Debug|x86.Build.0 = Debug|x86
		{6FF28C7F-A1B8-4A37-B193-EEAD069F2948}.Release|x86.ActiveCfg = Release|x86
		{6FF28C7F-A1B8-4A37-B193-EEAD069F2948}.Release|x86.Build.0 = Release|x86
	EndGlobalSection
	GlobalSection(SolutionProperties) = preSolution
		HideSolutionNode = FALSE
	EndGlobalSection
	GlobalSection(ExtensibilityGlobals) = postSolution
		SolutionGuid = {A2331FE4-E83F-4403-8E22-3935FCB89233}
	EndGlobalSection
EndGlobal
